
Microsoft Visual Studio Solution File, Format Version 12.00
# Visual Studio Version 17
VisualStudioVersion = 17.5.002.0
MinimumVisualStudioVersion = 10.0.40219.1
Project("{9A19103F-16F7-4668-BE54-9A1E7A4F7556}") = "Boxing-Unboxing", "Boxing-Unboxing.csproj", "{992B14CF-C38F-4AD0-80C9-D61FD5C2D262}"
EndProject
Global
	GlobalSection(SolutionConfigurationPlatforms) = preSolution
		Debug|Any CPU = Debug|Any CPU
		Release|Any CPU = Release|Any CPU
	EndGlobalSection
	GlobalSection(ProjectConfigurationPlatforms) = postSolution
		{992B14CF-C38F-4AD0-80C9-D61FD5C2D262}.Debug|Any CPU.ActiveCfg = Debug|Any CPU
		{992B14CF-C38F-4AD0-80C9-D61FD5C2D262}.Debug|Any CPU.Build.0 = Debug|Any CPU
		{992B14CF-C38F-4AD0-80C9-D61FD5C2D262}.Release|Any CPU.ActiveCfg = Release|Any CPU
		{992B14CF-C38F-4AD0-80C9-D61FD5C2D262}.Release|Any CPU.Build.0 = Release|Any CPU
	EndGlobalSection
	GlobalSection(SolutionProperties) = preSolution
		HideSolutionNode = FALSE
	EndGlobalSection
	GlobalSection(ExtensibilityGlobals) = postSolution
		SolutionGuid = {FE1CAD58-89AA-426F-9B49-22D1956B751A}
	EndGlobalSection
EndGlobal
